
Microsoft Visual Studio Solution File, Format Version 11.00
# Visual Studio 2010
Project("{FAE04EC0-301F-11D3-BF4B-00C04F79EFBC}") = "VaderpiXX", "VaderpiXX\VaderpiXX\VaderpiXX.csproj", "{FE7AB131-364E-47ED-9F91-B6D7E4A9D260}"
EndProject
Project("{96E2B04D-8817-42C6-938A-82C39BA4D311}") = "VaderpiXXContent", "VaderpiXX\VaderpiXXContent\VaderpiXXContent.contentproj", "{3A64A3B0-DD3F-478A-BFAD-E4AA4FEDE2EC}"
EndProject
Global
	GlobalSection(SolutionConfigurationPlatforms) = preSolution
		Debug|Windows Phone = Debug|Windows Phone
		Release|Windows Phone = Release|Windows Phone
	EndGlobalSection
	GlobalSection(ProjectConfigurationPlatforms) = postSolution
		{FE7AB131-364E-47ED-9F91-B6D7E4A9D260}.Debug|Windows Phone.ActiveCfg = Debug|Windows Phone
		{FE7AB131-364E-47ED-9F91-B6D7E4A9D260}.Debug|Windows Phone.Build.0 = Debug|Windows Phone
		{FE7AB131-364E-47ED-9F91-B6D7E4A9D260}.Debug|Windows Phone.Deploy.0 = Debug|Windows Phone
		{FE7AB131-364E-47ED-9F91-B6D7E4A9D260}.Release|Windows Phone.ActiveCfg = Release|Windows Phone
		{FE7AB131-364E-47ED-9F91-B6D7E4A9D260}.Release|Windows Phone.Build.0 = Release|Windows Phone
		{FE7AB131-364E-47ED-9F91-B6D7E4A9D260}.Release|Windows Phone.Deploy.0 = Release|Windows Phone
		{3A64A3B0-DD3F-478A-BFAD-E4AA4FEDE2EC}.Debug|Windows Phone.ActiveCfg = Debug|Windows Phone
		{3A64A3B0-DD3F-478A-BFAD-E4AA4FEDE2EC}.Release|Windows Phone.ActiveCfg = Release|Windows Phone
	EndGlobalSection
	GlobalSection(SolutionProperties) = preSolution
		HideSolutionNode = FALSE
	EndGlobalSection
EndGlobal
